{
  "name": "PruebaTecnicaFacturacion",
  "lockfileVersion": 3,
  "requires": true,
  "packages": {
    "": {
      "dependencies": {
        "devextreme-dist": "23.1.6"
      }
    },
    "node_modules/devextreme-dist": {
      "version": "23.1.6",
      "resolved": "https://registry.npmjs.org/devextreme-dist/-/devextreme-dist-23.1.6.tgz",
      "integrity": "sha512-0BOUDaxDGYB1Gk4MwyFi7T/GHE1v6iW4NZMr/LvRELoiAxOjpc6ZgxqgpV0RSGcOETcfHZmt1ovHwEK0Ll9e0A=="
    }
  }
}
